
Microsoft Visual Studio Solution File, Format Version 12.00
# Visual Studio Version 16
VisualStudioVersion = 16.0.29806.167
MinimumVisualStudioVersion = 10.0.40219.1
Project("{9A19103F-16F7-4668-BE54-9A1E7A4F7556}") = "PizzaOnline2", "PizzaOnline2\PizzaOnline2.csproj", "{36668C24-F2B6-48A3-A5C8-90BCF65B9256}"
EndProject
Project("{9A19103F-16F7-4668-BE54-9A1E7A4F7556}") = "PizzaOnline2.BLL", "PizzaOnline2.BLL\PizzaOnline2.BLL.csproj", "{2EDDA80D-D638-4A34-90C4-2BD88B11E42B}"
EndProject
Project("{9A19103F-16F7-4668-BE54-9A1E7A4F7556}") = "PizzaOnline.DAL", "PizzaOnline.DAL\PizzaOnline.DAL.csproj", "{FAE8444A-B6A6-4900-B0E6-698E88D01C28}"
EndProject
Project("{9A19103F-16F7-4668-BE54-9A1E7A4F7556}") = "FrontendPO", "FrontendPO\FrontendPO.csproj", "{A7009341-71F8-4740-B2F3-B8ED4D5BB720}"
EndProject
Project("{FAE04EC0-301F-11D3-BF4B-00C04F79EFBC}") = "PizzaOnlineFront", "PizzaOnlineFront\PizzaOnlineFront.csproj", "{21579497-6F93-477F-84EB-7D36282C94C1}"
EndProject
Global
	GlobalSection(SolutionConfigurationPlatforms) = preSolution
		Debug|Any CPU = Debug|Any CPU
		Release|Any CPU = Release|Any CPU
	EndGlobalSection
	GlobalSection(ProjectConfigurationPlatforms) = postSolution
		{36668C24-F2B6-48A3-A5C8-90BCF65B9256}.Debug|Any CPU.ActiveCfg = Debug|Any CPU
		{36668C24-F2B6-48A3-A5C8-90BCF65B9256}.Debug|Any CPU.Build.0 = Debug|Any CPU
		{36668C24-F2B6-48A3-A5C8-90BCF65B9256}.Release|Any CPU.ActiveCfg = Release|Any CPU
		{36668C24-F2B6-48A3-A5C8-90BCF65B9256}.Release|Any CPU.Build.0 = Release|Any CPU
		{2EDDA80D-D638-4A34-90C4-2BD88B11E42B}.Debug|Any CPU.ActiveCfg = Debug|Any CPU
		{2EDDA80D-D638-4A34-90C4-2BD88B11E42B}.Debug|Any CPU.Build.0 = Debug|Any CPU
		{2EDDA80D-D638-4A34-90C4-2BD88B11E42B}.Release|Any CPU.ActiveCfg = Release|Any CPU
		{2EDDA80D-D638-4A34-90C4-2BD88B11E42B}.Release|Any CPU.Build.0 = Release|Any CPU
		{FAE8444A-B6A6-4900-B0E6-698E88D01C28}.Debug|Any CPU.ActiveCfg = Debug|Any CPU
		{FAE8444A-B6A6-4900-B0E6-698E88D01C28}.Debug|Any CPU.Build.0 = Debug|Any CPU
		{FAE8444A-B6A6-4900-B0E6-698E88D01C28}.Release|Any CPU.ActiveCfg = Release|Any CPU
		{FAE8444A-B6A6-4900-B0E6-698E88D01C28}.Release|Any CPU.Build.0 = Release|Any CPU
		{A7009341-71F8-4740-B2F3-B8ED4D5BB720}.Debug|Any CPU.ActiveCfg = Debug|Any CPU
		{A7009341-71F8-4740-B2F3-B8ED4D5BB720}.Debug|Any CPU.Build.0 = Debug|Any CPU
		{A7009341-71F8-4740-B2F3-B8ED4D5BB720}.Release|Any CPU.ActiveCfg = Release|Any CPU
		{A7009341-71F8-4740-B2F3-B8ED4D5BB720}.Release|Any CPU.Build.0 = Release|Any CPU
		{21579497-6F93-477F-84EB-7D36282C94C1}.Debug|Any CPU.ActiveCfg = Debug|Any CPU
		{21579497-6F93-477F-84EB-7D36282C94C1}.Debug|Any CPU.Build.0 = Debug|Any CPU
		{21579497-6F93-477F-84EB-7D36282C94C1}.Release|Any CPU.ActiveCfg = Release|Any CPU
		{21579497-6F93-477F-84EB-7D36282C94C1}.Release|Any CPU.Build.0 = Release|Any CPU
	EndGlobalSection
	GlobalSection(SolutionProperties) = preSolution
		HideSolutionNode = FALSE
	EndGlobalSection
	GlobalSection(ExtensibilityGlobals) = postSolution
		SolutionGuid = {793F5827-E6F7-4217-A343-EF57747F584E}
	EndGlobalSection
EndGlobal
