
Microsoft Visual Studio Solution File, Format Version 12.00
# Visual Studio Version 16
VisualStudioVersion = 16.0.29806.167
MinimumVisualStudioVersion = 10.0.40219.1
Project("{9A19103F-16F7-4668-BE54-9A1E7A4F7556}") = "PizzaOnline2", "PizzaOnline2\PizzaOnline2.csproj", "{36668C24-F2B6-48A3-A5C8-90BCF65B9256}"
EndProject
Project("{FAE04EC0-301F-11D3-BF4B-00C04F79EFBC}") = "PizzaOnline2.DAL", "PizzaOnline2.DAL\PizzaOnline2.DAL.csproj", "{D21445CE-71C5-4156-BA48-C85CBF80EC8A}"
EndProject
Global
	GlobalSection(SolutionConfigurationPlatforms) = preSolution
		Debug|Any CPU = Debug|Any CPU
		Release|Any CPU = Release|Any CPU
	EndGlobalSection
	GlobalSection(ProjectConfigurationPlatforms) = postSolution
		{36668C24-F2B6-48A3-A5C8-90BCF65B9256}.Debug|Any CPU.ActiveCfg = Debug|Any CPU
		{36668C24-F2B6-48A3-A5C8-90BCF65B9256}.Debug|Any CPU.Build.0 = Debug|Any CPU
		{36668C24-F2B6-48A3-A5C8-90BCF65B9256}.Release|Any CPU.ActiveCfg = Release|Any CPU
		{36668C24-F2B6-48A3-A5C8-90BCF65B9256}.Release|Any CPU.Build.0 = Release|Any CPU
		{D21445CE-71C5-4156-BA48-C85CBF80EC8A}.Debug|Any CPU.ActiveCfg = Debug|Any CPU
		{D21445CE-71C5-4156-BA48-C85CBF80EC8A}.Debug|Any CPU.Build.0 = Debug|Any CPU
		{D21445CE-71C5-4156-BA48-C85CBF80EC8A}.Release|Any CPU.ActiveCfg = Release|Any CPU
		{D21445CE-71C5-4156-BA48-C85CBF80EC8A}.Release|Any CPU.Build.0 = Release|Any CPU
	EndGlobalSection
	GlobalSection(SolutionProperties) = preSolution
		HideSolutionNode = FALSE
	EndGlobalSection
	GlobalSection(ExtensibilityGlobals) = postSolution
		SolutionGuid = {793F5827-E6F7-4217-A343-EF57747F584E}
	EndGlobalSection
EndGlobal
