
Microsoft Visual Studio Solution File, Format Version 12.00
# Visual Studio Version 16
VisualStudioVersion = 16.0.29519.181
MinimumVisualStudioVersion = 10.0.40219.1
Project("{9A19103F-16F7-4668-BE54-9A1E7A4F7556}") = "PizzaOnline.WEBAPI", "PizzaOnline\PizzaOnline.WEBAPI.csproj", "{610DEE62-6955-4D8C-95A4-2FEF8EFC7C1C}"
EndProject
Project("{9A19103F-16F7-4668-BE54-9A1E7A4F7556}") = "PizzaOnline.DAL", "PizzaOnline.WEBAPI\PizzaOnline.DAL.csproj", "{3BDC9AFD-195B-4CBC-ABB4-111E7EDC5EF2}"
EndProject
Project("{00D1A9C2-B5F0-4AF3-8072-F6C62B433612}") = "PizzaOnline.DATABASE", "PizzaOnline.DATABASE\PizzaOnline.DATABASE.sqlproj", "{8973CD4C-64C5-4987-AB32-7D6943F94897}"
EndProject
Global
	GlobalSection(SolutionConfigurationPlatforms) = preSolution
		Debug|Any CPU = Debug|Any CPU
		Release|Any CPU = Release|Any CPU
	EndGlobalSection
	GlobalSection(ProjectConfigurationPlatforms) = postSolution
		{610DEE62-6955-4D8C-95A4-2FEF8EFC7C1C}.Debug|Any CPU.ActiveCfg = Debug|Any CPU
		{610DEE62-6955-4D8C-95A4-2FEF8EFC7C1C}.Debug|Any CPU.Build.0 = Debug|Any CPU
		{610DEE62-6955-4D8C-95A4-2FEF8EFC7C1C}.Release|Any CPU.ActiveCfg = Release|Any CPU
		{610DEE62-6955-4D8C-95A4-2FEF8EFC7C1C}.Release|Any CPU.Build.0 = Release|Any CPU
		{3BDC9AFD-195B-4CBC-ABB4-111E7EDC5EF2}.Debug|Any CPU.ActiveCfg = Debug|Any CPU
		{3BDC9AFD-195B-4CBC-ABB4-111E7EDC5EF2}.Debug|Any CPU.Build.0 = Debug|Any CPU
		{3BDC9AFD-195B-4CBC-ABB4-111E7EDC5EF2}.Release|Any CPU.ActiveCfg = Release|Any CPU
		{3BDC9AFD-195B-4CBC-ABB4-111E7EDC5EF2}.Release|Any CPU.Build.0 = Release|Any CPU
		{8973CD4C-64C5-4987-AB32-7D6943F94897}.Debug|Any CPU.ActiveCfg = Debug|Any CPU
		{8973CD4C-64C5-4987-AB32-7D6943F94897}.Debug|Any CPU.Build.0 = Debug|Any CPU
		{8973CD4C-64C5-4987-AB32-7D6943F94897}.Debug|Any CPU.Deploy.0 = Debug|Any CPU
		{8973CD4C-64C5-4987-AB32-7D6943F94897}.Release|Any CPU.ActiveCfg = Release|Any CPU
		{8973CD4C-64C5-4987-AB32-7D6943F94897}.Release|Any CPU.Build.0 = Release|Any CPU
		{8973CD4C-64C5-4987-AB32-7D6943F94897}.Release|Any CPU.Deploy.0 = Release|Any CPU
	EndGlobalSection
	GlobalSection(SolutionProperties) = preSolution
		HideSolutionNode = FALSE
	EndGlobalSection
	GlobalSection(ExtensibilityGlobals) = postSolution
		SolutionGuid = {F39D21D2-3C2C-41EE-BBB2-328770EB2BBD}
	EndGlobalSection
EndGlobal
